
Microsoft Visual Studio Solution File, Format Version 12.00
# Visual Studio Version 16
VisualStudioVersion = 16.0.31729.503
MinimumVisualStudioVersion = 10.0.40219.1
Project("{9A19103F-16F7-4668-BE54-9A1E7A4F7556}") = "SistemaJogos", "SistemaJogos\SistemaJogos.csproj", "{035B8108-7B83-43FC-BB6C-EC108F5E793C}"
EndProject
Project("{FAE04EC0-301F-11D3-BF4B-00C04F79EFBC}") = "ApiSistemaJogos", "ApiSistemaJogos\ApiSistemaJogos.csproj", "{9687D585-2389-4ABB-830E-80D91D1A8531}"
EndProject
Global
	GlobalSection(SolutionConfigurationPlatforms) = preSolution
		Debug|Any CPU = Debug|Any CPU
		Release|Any CPU = Release|Any CPU
	EndGlobalSection
	GlobalSection(ProjectConfigurationPlatforms) = postSolution
		{035B8108-7B83-43FC-BB6C-EC108F5E793C}.Debug|Any CPU.ActiveCfg = Debug|Any CPU
		{035B8108-7B83-43FC-BB6C-EC108F5E793C}.Debug|Any CPU.Build.0 = Debug|Any CPU
		{035B8108-7B83-43FC-BB6C-EC108F5E793C}.Release|Any CPU.ActiveCfg = Release|Any CPU
		{035B8108-7B83-43FC-BB6C-EC108F5E793C}.Release|Any CPU.Build.0 = Release|Any CPU
		{9687D585-2389-4ABB-830E-80D91D1A8531}.Debug|Any CPU.ActiveCfg = Debug|Any CPU
		{9687D585-2389-4ABB-830E-80D91D1A8531}.Debug|Any CPU.Build.0 = Debug|Any CPU
		{9687D585-2389-4ABB-830E-80D91D1A8531}.Release|Any CPU.ActiveCfg = Release|Any CPU
		{9687D585-2389-4ABB-830E-80D91D1A8531}.Release|Any CPU.Build.0 = Release|Any CPU
	EndGlobalSection
	GlobalSection(SolutionProperties) = preSolution
		HideSolutionNode = FALSE
	EndGlobalSection
	GlobalSection(ExtensibilityGlobals) = postSolution
		SolutionGuid = {0673CBF4-ABB1-4AD5-B18A-B36142D860DD}
	EndGlobalSection
EndGlobal
